
Microsoft Visual Studio Solution File, Format Version 12.00
# Visual Studio Version 17
VisualStudioVersion = 17.8.34525.116
MinimumVisualStudioVersion = 10.0.40219.1
Project("{9A19103F-16F7-4668-BE54-9A1E7A4F7556}") = "CharacterAnalysApp", "CharacterAnalysApp\CharacterAnalysApp.csproj", "{1C52B98E-C472-47B0-B224-2FEEB6C2091D}"
EndProject
Project("{9A19103F-16F7-4668-BE54-9A1E7A4F7556}") = "CharacterAnalysAppTests", "StringAnalyzer.Tests\CharacterAnalysAppTests.csproj", "{632EA805-DF58-4843-9D6B-1DDCE2A4AC70}"
EndProject
Global
	GlobalSection(SolutionConfigurationPlatforms) = preSolution
		Debug|Any CPU = Debug|Any CPU
		Release|Any CPU = Release|Any CPU
	EndGlobalSection
	GlobalSection(ProjectConfigurationPlatforms) = postSolution
		{1C52B98E-C472-47B0-B224-2FEEB6C2091D}.Debug|Any CPU.ActiveCfg = Debug|Any CPU
		{1C52B98E-C472-47B0-B224-2FEEB6C2091D}.Debug|Any CPU.Build.0 = Debug|Any CPU
		{1C52B98E-C472-47B0-B224-2FEEB6C2091D}.Release|Any CPU.ActiveCfg = Release|Any CPU
		{1C52B98E-C472-47B0-B224-2FEEB6C2091D}.Release|Any CPU.Build.0 = Release|Any CPU
		{632EA805-DF58-4843-9D6B-1DDCE2A4AC70}.Debug|Any CPU.ActiveCfg = Debug|Any CPU
		{632EA805-DF58-4843-9D6B-1DDCE2A4AC70}.Debug|Any CPU.Build.0 = Debug|Any CPU
		{632EA805-DF58-4843-9D6B-1DDCE2A4AC70}.Release|Any CPU.ActiveCfg = Release|Any CPU
		{632EA805-DF58-4843-9D6B-1DDCE2A4AC70}.Release|Any CPU.Build.0 = Release|Any CPU
	EndGlobalSection
	GlobalSection(SolutionProperties) = preSolution
		HideSolutionNode = FALSE
	EndGlobalSection
	GlobalSection(ExtensibilityGlobals) = postSolution
		SolutionGuid = {DF75FF54-7ABC-41CA-84FA-6F2EE476EBBA}
	EndGlobalSection
EndGlobal
